
Microsoft Visual Studio Solution File, Format Version 12.00
# Visual Studio 14
VisualStudioVersion = 14.0.25420.1
MinimumVisualStudioVersion = 10.0.40219.1
Project("{FAE04EC0-301F-11D3-BF4B-00C04F79EFBC}") = "Tibox.Models", "Models\Tibox.Models.csproj", "{76D2C39B-04A7-4297-8978-1D8ECBD8CA67}"
EndProject
Project("{FAE04EC0-301F-11D3-BF4B-00C04F79EFBC}") = "Tibox.Repository", "Tibox.Repository\Tibox.Repository.csproj", "{BBBBD169-0EE5-474D-9E23-F3B73C0CE766}"
EndProject
Project("{2150E333-8FDC-42A3-9474-1A3956D46DE8}") = "Unit Test", "Unit Test", "{4C768FE0-AD55-4B19-BBE3-EFDD48BDE48F}"
EndProject
Project("{FAE04EC0-301F-11D3-BF4B-00C04F79EFBC}") = "Tibox.DataAccess.Tests", "Tibox.Repository.Tests\Tibox.DataAccess.Tests.csproj", "{F1DE7E7E-4264-487F-BE83-A7B2DD461C8B}"
EndProject
Project("{FAE04EC0-301F-11D3-BF4B-00C04F79EFBC}") = "Tibox.UnitOfWork", "Tibox.UnitOfWork\Tibox.UnitOfWork.csproj", "{ABC195F2-4E87-495E-9F9D-BE0FB706A469}"
EndProject
Project("{2150E333-8FDC-42A3-9474-1A3956D46DE8}") = "Aprendizaje", "Aprendizaje", "{B132A2A3-40CE-4A8D-B1DF-0F3F82538338}"
EndProject
Project("{E24C65DC-7377-472B-9ABA-BC803B73C61A}") = "Tibox.Html5", "..\Tibox.Html5\", "{9B3A9704-B8FE-4189-8DE8-A0EA56DD3271}"
	ProjectSection(WebsiteProperties) = preProject
		TargetFrameworkMoniker = ".NETFramework,Version%3Dv4.5.2"
		Debug.AspNetCompiler.VirtualPath = "/localhost_2192"
		Debug.AspNetCompiler.PhysicalPath = "..\Tibox.Html5\"
		Debug.AspNetCompiler.TargetPath = "PrecompiledWeb\localhost_2192\"
		Debug.AspNetCompiler.Updateable = "true"
		Debug.AspNetCompiler.ForceOverwrite = "true"
		Debug.AspNetCompiler.FixedNames = "false"
		Debug.AspNetCompiler.Debug = "True"
		Release.AspNetCompiler.VirtualPath = "/localhost_2192"
		Release.AspNetCompiler.PhysicalPath = "..\Tibox.Html5\"
		Release.AspNetCompiler.TargetPath = "PrecompiledWeb\localhost_2192\"
		Release.AspNetCompiler.Updateable = "true"
		Release.AspNetCompiler.ForceOverwrite = "true"
		Release.AspNetCompiler.FixedNames = "false"
		Release.AspNetCompiler.Debug = "False"
		VWDPort = "2192"
		SlnRelativePath = "..\Tibox.Html5\"
		DefaultWebSiteLanguage = "Visual C#"
	EndProjectSection
EndProject
Project("{FAE04EC0-301F-11D3-BF4B-00C04F79EFBC}") = "Tibox.Prueba", "Tibox.Prueba\Tibox.Prueba.csproj", "{467ECC93-C5BB-4B04-8177-2296ABFEECDC}"
EndProject
Global
	GlobalSection(SolutionConfigurationPlatforms) = preSolution
		Debug|Any CPU = Debug|Any CPU
		Release|Any CPU = Release|Any CPU
	EndGlobalSection
	GlobalSection(ProjectConfigurationPlatforms) = postSolution
		{76D2C39B-04A7-4297-8978-1D8ECBD8CA67}.Debug|Any CPU.ActiveCfg = Debug|Any CPU
		{76D2C39B-04A7-4297-8978-1D8ECBD8CA67}.Debug|Any CPU.Build.0 = Debug|Any CPU
		{76D2C39B-04A7-4297-8978-1D8ECBD8CA67}.Release|Any CPU.ActiveCfg = Release|Any CPU
		{76D2C39B-04A7-4297-8978-1D8ECBD8CA67}.Release|Any CPU.Build.0 = Release|Any CPU
		{BBBBD169-0EE5-474D-9E23-F3B73C0CE766}.Debug|Any CPU.ActiveCfg = Debug|Any CPU
		{BBBBD169-0EE5-474D-9E23-F3B73C0CE766}.Debug|Any CPU.Build.0 = Debug|Any CPU
		{BBBBD169-0EE5-474D-9E23-F3B73C0CE766}.Release|Any CPU.ActiveCfg = Release|Any CPU
		{BBBBD169-0EE5-474D-9E23-F3B73C0CE766}.Release|Any CPU.Build.0 = Release|Any CPU
		{F1DE7E7E-4264-487F-BE83-A7B2DD461C8B}.Debug|Any CPU.ActiveCfg = Debug|Any CPU
		{F1DE7E7E-4264-487F-BE83-A7B2DD461C8B}.Debug|Any CPU.Build.0 = Debug|Any CPU
		{F1DE7E7E-4264-487F-BE83-A7B2DD461C8B}.Release|Any CPU.ActiveCfg = Release|Any CPU
		{F1DE7E7E-4264-487F-BE83-A7B2DD461C8B}.Release|Any CPU.Build.0 = Release|Any CPU
		{ABC195F2-4E87-495E-9F9D-BE0FB706A469}.Debug|Any CPU.ActiveCfg = Debug|Any CPU
		{ABC195F2-4E87-495E-9F9D-BE0FB706A469}.Debug|Any CPU.Build.0 = Debug|Any CPU
		{ABC195F2-4E87-495E-9F9D-BE0FB706A469}.Release|Any CPU.ActiveCfg = Release|Any CPU
		{ABC195F2-4E87-495E-9F9D-BE0FB706A469}.Release|Any CPU.Build.0 = Release|Any CPU
		{9B3A9704-B8FE-4189-8DE8-A0EA56DD3271}.Debug|Any CPU.ActiveCfg = Debug|Any CPU
		{9B3A9704-B8FE-4189-8DE8-A0EA56DD3271}.Debug|Any CPU.Build.0 = Debug|Any CPU
		{9B3A9704-B8FE-4189-8DE8-A0EA56DD3271}.Release|Any CPU.ActiveCfg = Debug|Any CPU
		{9B3A9704-B8FE-4189-8DE8-A0EA56DD3271}.Release|Any CPU.Build.0 = Debug|Any CPU
		{467ECC93-C5BB-4B04-8177-2296ABFEECDC}.Debug|Any CPU.ActiveCfg = Debug|Any CPU
		{467ECC93-C5BB-4B04-8177-2296ABFEECDC}.Debug|Any CPU.Build.0 = Debug|Any CPU
		{467ECC93-C5BB-4B04-8177-2296ABFEECDC}.Release|Any CPU.ActiveCfg = Release|Any CPU
		{467ECC93-C5BB-4B04-8177-2296ABFEECDC}.Release|Any CPU.Build.0 = Release|Any CPU
	EndGlobalSection
	GlobalSection(SolutionProperties) = preSolution
		HideSolutionNode = FALSE
	EndGlobalSection
	GlobalSection(NestedProjects) = preSolution
		{F1DE7E7E-4264-487F-BE83-A7B2DD461C8B} = {4C768FE0-AD55-4B19-BBE3-EFDD48BDE48F}
		{9B3A9704-B8FE-4189-8DE8-A0EA56DD3271} = {B132A2A3-40CE-4A8D-B1DF-0F3F82538338}
	EndGlobalSection
EndGlobal
