
Microsoft Visual Studio Solution File, Format Version 12.00
# Visual Studio 14
VisualStudioVersion = 14.0.25420.1
MinimumVisualStudioVersion = 10.0.40219.1
Project("{FAE04EC0-301F-11D3-BF4B-00C04F79EFBC}") = "Tibox.Models", "Models\Tibox.Models.csproj", "{76D2C39B-04A7-4297-8978-1D8ECBD8CA67}"
EndProject
Project("{FAE04EC0-301F-11D3-BF4B-00C04F79EFBC}") = "Tibox.Repository", "Tibox.Repository\Tibox.Repository.csproj", "{BBBBD169-0EE5-474D-9E23-F3B73C0CE766}"
EndProject
Project("{2150E333-8FDC-42A3-9474-1A3956D46DE8}") = "Unit Test", "Unit Test", "{4C768FE0-AD55-4B19-BBE3-EFDD48BDE48F}"
EndProject
Project("{FAE04EC0-301F-11D3-BF4B-00C04F79EFBC}") = "Tibox.DataAccess.Tests", "Tibox.Repository.Tests\Tibox.DataAccess.Tests.csproj", "{F1DE7E7E-4264-487F-BE83-A7B2DD461C8B}"
EndProject
Project("{FAE04EC0-301F-11D3-BF4B-00C04F79EFBC}") = "Tibox.UnitOfWork", "Tibox.UnitOfWork\Tibox.UnitOfWork.csproj", "{ABC195F2-4E87-495E-9F9D-BE0FB706A469}"
EndProject
Project("{2150E333-8FDC-42A3-9474-1A3956D46DE8}") = "Aprendizaje", "Aprendizaje", "{A13FD4B6-A1AF-4A34-86C8-24160678537F}"
EndProject
Project("{E24C65DC-7377-472B-9ABA-BC803B73C61A}") = "Tibox.Html6", "..\Tibox.Html6\", "{73CEDD69-3BD9-4504-BA06-126DBD2E25A4}"
	ProjectSection(WebsiteProperties) = preProject
		TargetFrameworkMoniker = ".NETFramework,Version%3Dv4.5.2"
		Debug.AspNetCompiler.VirtualPath = "/localhost_6023"
		Debug.AspNetCompiler.PhysicalPath = "..\Tibox.Html6\"
		Debug.AspNetCompiler.TargetPath = "PrecompiledWeb\localhost_6023\"
		Debug.AspNetCompiler.Updateable = "true"
		Debug.AspNetCompiler.ForceOverwrite = "true"
		Debug.AspNetCompiler.FixedNames = "false"
		Debug.AspNetCompiler.Debug = "True"
		Release.AspNetCompiler.VirtualPath = "/localhost_6023"
		Release.AspNetCompiler.PhysicalPath = "..\Tibox.Html6\"
		Release.AspNetCompiler.TargetPath = "PrecompiledWeb\localhost_6023\"
		Release.AspNetCompiler.Updateable = "true"
		Release.AspNetCompiler.ForceOverwrite = "true"
		Release.AspNetCompiler.FixedNames = "false"
		Release.AspNetCompiler.Debug = "False"
		VWDPort = "6023"
		DefaultWebSiteLanguage = "Visual C#"
	EndProjectSection
EndProject
Global
	GlobalSection(SolutionConfigurationPlatforms) = preSolution
		Debug|Any CPU = Debug|Any CPU
		Release|Any CPU = Release|Any CPU
	EndGlobalSection
	GlobalSection(ProjectConfigurationPlatforms) = postSolution
		{76D2C39B-04A7-4297-8978-1D8ECBD8CA67}.Debug|Any CPU.ActiveCfg = Debug|Any CPU
		{76D2C39B-04A7-4297-8978-1D8ECBD8CA67}.Debug|Any CPU.Build.0 = Debug|Any CPU
		{76D2C39B-04A7-4297-8978-1D8ECBD8CA67}.Release|Any CPU.ActiveCfg = Release|Any CPU
		{76D2C39B-04A7-4297-8978-1D8ECBD8CA67}.Release|Any CPU.Build.0 = Release|Any CPU
		{BBBBD169-0EE5-474D-9E23-F3B73C0CE766}.Debug|Any CPU.ActiveCfg = Debug|Any CPU
		{BBBBD169-0EE5-474D-9E23-F3B73C0CE766}.Debug|Any CPU.Build.0 = Debug|Any CPU
		{BBBBD169-0EE5-474D-9E23-F3B73C0CE766}.Release|Any CPU.ActiveCfg = Release|Any CPU
		{BBBBD169-0EE5-474D-9E23-F3B73C0CE766}.Release|Any CPU.Build.0 = Release|Any CPU
		{F1DE7E7E-4264-487F-BE83-A7B2DD461C8B}.Debug|Any CPU.ActiveCfg = Debug|Any CPU
		{F1DE7E7E-4264-487F-BE83-A7B2DD461C8B}.Debug|Any CPU.Build.0 = Debug|Any CPU
		{F1DE7E7E-4264-487F-BE83-A7B2DD461C8B}.Release|Any CPU.ActiveCfg = Release|Any CPU
		{F1DE7E7E-4264-487F-BE83-A7B2DD461C8B}.Release|Any CPU.Build.0 = Release|Any CPU
		{ABC195F2-4E87-495E-9F9D-BE0FB706A469}.Debug|Any CPU.ActiveCfg = Debug|Any CPU
		{ABC195F2-4E87-495E-9F9D-BE0FB706A469}.Debug|Any CPU.Build.0 = Debug|Any CPU
		{ABC195F2-4E87-495E-9F9D-BE0FB706A469}.Release|Any CPU.ActiveCfg = Release|Any CPU
		{ABC195F2-4E87-495E-9F9D-BE0FB706A469}.Release|Any CPU.Build.0 = Release|Any CPU
		{73CEDD69-3BD9-4504-BA06-126DBD2E25A4}.Debug|Any CPU.ActiveCfg = Debug|Any CPU
		{73CEDD69-3BD9-4504-BA06-126DBD2E25A4}.Debug|Any CPU.Build.0 = Debug|Any CPU
		{73CEDD69-3BD9-4504-BA06-126DBD2E25A4}.Release|Any CPU.ActiveCfg = Debug|Any CPU
		{73CEDD69-3BD9-4504-BA06-126DBD2E25A4}.Release|Any CPU.Build.0 = Debug|Any CPU
	EndGlobalSection
	GlobalSection(SolutionProperties) = preSolution
		HideSolutionNode = FALSE
	EndGlobalSection
	GlobalSection(NestedProjects) = preSolution
		{F1DE7E7E-4264-487F-BE83-A7B2DD461C8B} = {4C768FE0-AD55-4B19-BBE3-EFDD48BDE48F}
		{73CEDD69-3BD9-4504-BA06-126DBD2E25A4} = {A13FD4B6-A1AF-4A34-86C8-24160678537F}
	EndGlobalSection
EndGlobal
